// !$*UTF8*$!
{
	archiveVersion = 1;
	classes = {
	};
	objectVersion = 46;
	objects = {

/* Begin PBXBuildFile section */
		AA041BE21DE61C40006A8064 /* AppDelegate.swift in Sources */ = {isa = PBXBuildFile; fileRef = AA041BE11DE61C40006A8064 /* AppDelegate.swift */; };
		AA041BE41DE61C40006A8064 /* ViewController.swift in Sources */ = {isa = PBXBuildFile; fileRef = AA041BE31DE61C40006A8064 /* ViewController.swift */; };
		AA041BE71DE61C40006A8064 /* Main.storyboard in Resources */ = {isa = PBXBuildFile; fileRef = AA041BE51DE61C40006A8064 /* Main.storyboard */; };
		AA041BE91DE61C40006A8064 /* Assets.xcassets in Resources */ = {isa = PBXBuildFile; fileRef = AA041BE81DE61C40006A8064 /* Assets.xcassets */; };
		AA041BEC1DE61C40006A8064 /* LaunchScreen.storyboard in Resources */ = {isa = PBXBuildFile; fileRef = AA041BEA1DE61C40006A8064 /* LaunchScreen.storyboard */; };
/* End PBXBuildFile section */

/* Begin PBXFileReference section */
		AA041BDE1DE61C40006A8064 /* Rehaan Advani WWDC 17.app */ = {isa = PBXFileReference; explicitFileType = wrapper.application; includeInIndex = 0; path = "Rehaan Advani WWDC 17.app"; sourceTree = BUILT_PRODUCTS_DIR; };
		AA041BE11DE61C40006A8064 /* AppDelegate.swift */ = {isa = PBXFileReference; lastKnownFileType = sourcecode.swift; path = AppDelegate.swift; sourceTree = "<group>"; };
		AA041BE31DE61C40006A8064 /* ViewController.swift */ = {isa = PBXFileReference; lastKnownFileType = sourcecode.swift; path = ViewController.swift; sourceTree = "<group>"; };
		AA041BE61DE61C40006A8064 /* Base */ = {isa = PBXFileReference; lastKnownFileType = file.storyboard; name = Base; path = Base.lproj/Main.storyboard; sourceTree = "<group>"; };
		AA041BE81DE61C40006A8064 /* Assets.xcassets */ = {isa = PBXFileReference; lastKnownFileType = folder.assetcatalog; path = Assets.xcassets; sourceTree = "<group>"; };
		AA041BEB1DE61C40006A8064 /* Base */ = {isa = PBXFileReference; lastKnownFileType = file.storyboard; name = Base; path = Base.lproj/LaunchScreen.storyboard; sourceTree = "<group>"; };
		AA041BED1DE61C40006A8064 /* Info.plist */ = {isa = PBXFileReference; lastKnownFileType = text.plist.xml; path = Info.plist; sourceTree = "<group>"; };
/* End PBXFileReference section */

/* Begin PBXFrameworksBuildPhase section */
		AA041BDB1DE61C40006A8064 /* Frameworks */ = {
			isa = PBXFrameworksBuildPhase;
			buildActionMask = 2147483647;
			files = (
			);
			runOnlyForDeploymentPostprocessing = 0;
		};
/* End PBXFrameworksBuildPhase section */

/* Begin PBXGroup section */
		AA041BD51DE61C3F006A8064 = {
			isa = PBXGroup;
			children = (
				AA041BE01DE61C40006A8064 /* Rehaan Advani WWDC 17 */,
				AA041BDF1DE61C40006A8064 /* Products */,
			);
			sourceTree = "<group>";
		};
		AA041BDF1DE61C40006A8064 /* Products */ = {
			isa = PBXGroup;
			children = (
				AA041BDE1DE61C40006A8064 /* Rehaan Advani WWDC 17.app */,
			);
			name = Products;
			sourceTree = "<group>";
		};
		AA041BE01DE61C40006A8064 /* Rehaan Advani WWDC 17 */ = {
			isa = PBXGroup;
			children = (
				AA041BE11DE61C40006A8064 /* AppDelegate.swift */,
				AA041BE31DE61C40006A8064 /* ViewController.swift */,
				AA041BE51DE61C40006A8064 /* Main.storyboard */,
				AA041BE81DE61C40006A8064 /* Assets.xcassets */,
				AA041BEA1DE61C40006A8064 /* LaunchScreen.storyboard */,
				AA041BED1DE61C40006A8064 /* Info.plist */,
			);
			path = "Rehaan Advani WWDC 17";
			sourceTree = "<group>";
		};
/* End PBXGroup section */

/* Begin PBXNativeTarget section */
		AA041BDD1DE61C40006A8064 /* Rehaan Advani WWDC 17 */ = {
			isa = PBXNativeTarget;
			buildConfigurationList = AA041BF01DE61C40006A8064 /* Build configuration list for PBXNativeTarget "Rehaan Advani WWDC 17" */;
			buildPhases = (
				AA041BDA1DE61C40006A8064 /* Sources */,
				AA041BDB1DE61C40006A8064 /* Frameworks */,
				AA041BDC1DE61C40006A8064 /* Resources */,
			);
			buildRules = (
			);
			dependencies = (
			);
			name = "Rehaan Advani WWDC 17";
			productName = "Rehaan Advani WWDC 17";
			productReference = AA041BDE1DE61C40006A8064 /* Rehaan Advani WWDC 17.app */;
			productType = "com.apple.product-type.application";
		};
/* End PBXNativeTarget section */

/* Begin PBXProject section */
		AA041BD61DE61C3F006A8064 /* Project object */ = {
			isa = PBXProject;
			attributes = {
				LastSwiftUpdateCheck = 0800;
				LastUpgradeCheck = 0800;
				ORGANIZATIONNAME = "Rehaan Advani";
				TargetAttributes = {
					AA041BDD1DE61C40006A8064 = {
						CreatedOnToolsVersion = 8.0;
						DevelopmentTeam = 57L58ZR5AC;
						ProvisioningStyle = Automatic;
					};
				};
			};
			buildConfigurationList = AA041BD91DE61C3F006A8064 /* Build configuration list for PBXProject "Rehaan Advani WWDC 17" */;
			compatibilityVersion = "Xcode 3.2";
			developmentRegion = English;
			hasScannedForEncodings = 0;
			knownRegions = (
				en,
				Base,
			);
			mainGroup = AA041BD51DE61C3F006A8064;
			productRefGroup = AA041BDF1DE61C40006A8064 /* Products */;
			projectDirPath = "";
			projectRoot = "";
			targets = (
				AA041BDD1DE61C40006A8064 /* Rehaan Advani WWDC 17 */,
			);
		};
/* End PBXProject section */

/* Begin PBXResourcesBuildPhase section */
		AA041BDC1DE61C40006A8064 /* Resources */ = {
			isa = PBXResourcesBuildPhase;
			buildActionMask = 2147483647;
			files = (
				AA041BEC1DE61C40006A8064 /* LaunchScreen.storyboard in Resources */,
				AA041BE91DE61C40006A8064 /* Assets.xcassets in Resources */,
				AA041BE71DE61C40006A8064 /* Main.storyboard in Resources */,
			);
			runOnlyForDeploymentPostprocessing = 0;
		};
/* End PBXResourcesBuildPhase section */

/* Begin PBXSourcesBuildPhase section */
		AA041BDA1DE61C40006A8064 /* Sources */ = {
			isa = PBXSourcesBuildPhase;
			buildActionMask = 2147483647;
			files = (
				AA041BE41DE61C40006A8064 /* ViewController.swift in Sources */,
				AA041BE21DE61C40006A8064 /* AppDelegate.swift in Sources */,
			);
			runOnlyForDeploymentPostprocessing = 0;
		};
/* End PBXSourcesBuildPhase section */

/* Begin PBXVariantGroup section */
		AA041BE51DE61C40006A8064 /* Main.storyboard */ = {
			isa = PBXVariantGroup;
			children = (
				AA041BE61DE61C40006A8064 /* Base */,
			);
			name = Main.storyboard;
			sourceTree = "<group>";
		};
		AA041BEA1DE61C40006A8064 /* LaunchScreen.storyboard */ = {
			isa = PBXVariantGroup;
			children = (
				AA041BEB1DE61C40006A8064 /* Base */,
			);
			name = LaunchScreen.storyboard;
			sourceTree = "<group>";
		};
/* End PBXVariantGroup section */

/* Begin XCBuildConfiguration section */
		AA041BEE1DE61C40006A8064 /* Debug */ = {
			isa = XCBuildConfiguration;
			buildSettings = {
				ALWAYS_SEARCH_USER_PATHS = NO;
				CLANG_ANALYZER_NONNULL = YES;
				CLANG_CXX_LANGUAGE_STANDARD = "gnu++0x";
				CLANG_CXX_LIBRARY = "libc++";
				CLANG_ENABLE_MODULES = YES;
				CLANG_ENABLE_OBJC_ARC = YES;
				CLANG_WARN_BOOL_CONVERSION = YES;
				CLANG_WARN_CONSTANT_CONVERSION = YES;
				CLANG_WARN_DIRECT_OBJC_ISA_USAGE = YES_ERROR;
				CLANG_WARN_DOCUMENTATION_COMMENTS = YES;
				CLANG_WARN_EMPTY_BODY = YES;
				CLANG_WARN_ENUM_CONVERSION = YES;
				CLANG_WARN_INFINITE_RECURSION = YES;
				CLANG_WARN_INT_CONVERSION = YES;
				CLANG_WARN_OBJC_ROOT_CLASS = YES_ERROR;
				CLANG_WARN_SUSPICIOUS_MOVES = YES;
				CLANG_WARN_UNREACHABLE_CODE = YES;
				CLANG_WARN__DUPLICATE_METHOD_MATCH = YES;
				"CODE_SIGN_IDENTITY[sdk=iphoneos*]" = "iPhone Developer";
				COPY_PHASE_STRIP = NO;
				DEBUG_INFORMATION_FORMAT = dwarf;
				ENABLE_STRICT_OBJC_MSGSEND = YES;
				ENABLE_TESTABILITY = YES;
				GCC_C_LANGUAGE_STANDARD = gnu99;
				GCC_DYNAMIC_NO_PIC = NO;
				GCC_NO_COMMON_BLOCKS = YES;
				GCC_OPTIMIZATION_LEVEL = 0;
				GCC_PREPROCESSOR_DEFINITIONS = (
					"DEBUG=1",
					"$(inherited)",
				);
				GCC_WARN_64_TO_32_BIT_CONVERSION = YES;
				GCC_WARN_ABOUT_RETURN_TYPE = YES_ERROR;
				GCC_WARN_UNDECLARED_SELECTOR = YES;
				GCC_WARN_UNINITIALIZED_AUTOS = YES_AGGRESSIVE;
				GCC_WARN_UNUSED_FUNCTION = YES;
				GCC_WARN_UNUSED_VARIABLE = YES;
				IPHONEOS_DEPLOYMENT_TARGET = 10.0;
				MTL_ENABLE_DEBUG_INFO = YES;
				ONLY_ACTIVE_ARCH = YES;
				SDKROOT = iphoneos;
				SWIFT_ACTIVE_COMPILATION_CONDITIONS = DEBUG;
				SWIFT_OPTIMIZATION_LEVEL = "-Onone";
			};
			name = Debug;
		};
		AA041BEF1DE61C40006A8064 /* Release */ = {
			isa = XCBuildConfiguration;
			buildSettings = {
				ALWAYS_SEARCH_USER_PATHS = NO;
				CLANG_ANALYZER_NONNULL = YES;
				CLANG_CXX_LANGUAGE_STANDARD = "gnu++0x";
				CLANG_CXX_LIBRARY = "libc++";
				CLANG_ENABLE_MODULES = YES;
				CLANG_ENABLE_OBJC_ARC = YES;
				CLANG_WARN_BOOL_CONVERSION = YES;
				CLANG_WARN_CONSTANT_CONVERSION = YES;
				CLANG_WARN_DIRECT_OBJC_ISA_USAGE = YES_ERROR;
				CLANG_WARN_DOCUMENTATION_COMMENTS = YES;
				CLANG_WARN_EMPTY_BODY = YES;
				CLANG_WARN_ENUM_CONVERSION = YES;
				CLANG_WARN_INFINITE_RECURSION = YES;
				CLANG_WARN_INT_CONVERSION = YES;
				CLANG_WARN_OBJC_ROOT_CLASS = YES_ERROR;
				CLANG_WARN_SUSPICIOUS_MOVES = YES;
				CLANG_WARN_UNREACHABLE_CODE = YES;
				CLANG_WARN__DUPLICATE_METHOD_MATCH = YES;
				"CODE_SIGN_IDENTITY[sdk=iphoneos*]" = "iPhone Developer";
				COPY_PHASE_STRIP = NO;
				DEBUG_INFORMATION_FORMAT = "dwarf-with-dsym";
				ENABLE_NS_ASSERTIONS = NO;
				ENABLE_STRICT_OBJC_MSGSEND = YES;
				GCC_C_LANGUAGE_STANDARD = gnu99;
				GCC_NO_COMMON_BLOCKS = YES;
				GCC_WARN_64_TO_32_BIT_CONVERSION = YES;
				GCC_WARN_ABOUT_RETURN_TYPE = YES_ERROR;
				GCC_WARN_UNDECLARED_SELECTOR = YES;
				GCC_WARN_UNINITIALIZED_AUTOS = YES_AGGRESSIVE;
				GCC_WARN_UNUSED_FUNCTION = YES;
				GCC_WARN_UNUSED_VARIABLE = YES;
				IPHONEOS_DEPLOYMENT_TARGET = 10.0;
				MTL_ENABLE_DEBUG_INFO = NO;
				SDKROOT = iphoneos;
				SWIFT_OPTIMIZATION_LEVEL = "-Owholemodule";
				VALIDATE_PRODUCT = YES;
			};
			name = Release;
		};
		AA041BF11DE61C40006A8064 /* Debug */ = {
			isa = XCBuildConfiguration;
			buildSettings = {
				ASSETCATALOG_COMPILER_APPICON_NAME = AppIcon;
				DEVELOPMENT_TEAM = 57L58ZR5AC;
				INFOPLIST_FILE = "Rehaan Advani WWDC 17/Info.plist";
				LD_RUNPATH_SEARCH_PATHS = "$(inherited) @executable_path/Frameworks";
				PRODUCT_BUNDLE_IDENTIFIER = "com.Rehaan-Advani.Rehaan-Advani-WWDC-17";
				PRODUCT_NAME = "$(TARGET_NAME)";
				SWIFT_VERSION = 3.0;
			};
			name = Debug;
		};
		AA041BF21DE61C40006A8064 /* Release */ = {
			isa = XCBuildConfiguration;
			buildSettings = {
				ASSETCATALOG_COMPILER_APPICON_NAME = AppIcon;
				DEVELOPMENT_TEAM = 57L58ZR5AC;
				INFOPLIST_FILE = "Rehaan Advani WWDC 17/Info.plist";
				LD_RUNPATH_SEARCH_PATHS = "$(inherited) @executable_path/Frameworks";
				PRODUCT_BUNDLE_IDENTIFIER = "com.Rehaan-Advani.Rehaan-Advani-WWDC-17";
				PRODUCT_NAME = "$(TARGET_NAME)";
				SWIFT_VERSION = 3.0;
			};
			name = Release;
		};
/* End XCBuildConfiguration section */

/* Begin XCConfigurationList section */
		AA041BD91DE61C3F006A8064 /* Build configuration list for PBXProject "Rehaan Advani WWDC 17" */ = {
			isa = XCConfigurationList;
			buildConfigurations = (
				AA041BEE1DE61C40006A8064 /* Debug */,
				AA041BEF1DE61C40006A8064 /* Release */,
			);
			defaultConfigurationIsVisible = 0;
			defaultConfigurationName = Release;
		};
		AA041BF01DE61C40006A8064 /* Build configuration list for PBXNativeTarget "Rehaan Advani WWDC 17" */ = {
			isa = XCConfigurationList;
			buildConfigurations = (
				AA041BF11DE61C40006A8064 /* Debug */,
				AA041BF21DE61C40006A8064 /* Release */,
			);
			defaultConfigurationIsVisible = 0;
		};
/* End XCConfigurationList section */
	};
	rootObject = AA041BD61DE61C3F006A8064 /* Project object */;
}
